
Microsoft Visual Studio Solution File, Format Version 12.00
# Visual Studio 2013
VisualStudioVersion = 12.0.31101.0
MinimumVisualStudioVersion = 10.0.40219.1
Project("{FAE04EC0-301F-11D3-BF4B-00C04F79EFBC}") = "BPService", "BPService\BPService.csproj", "{3CA68D7A-4274-4D56-B4F5-6C78D0447E65}"
EndProject
Project("{FAE04EC0-301F-11D3-BF4B-00C04F79EFBC}") = "BPServiceHost", "BPServiceHost\BPServiceHost.csproj", "{0494D04A-5663-409D-932B-8F9AB911AFB8}"
EndProject
Global
	GlobalSection(SolutionConfigurationPlatforms) = preSolution
		Debug|Any CPU = Debug|Any CPU
		Release|Any CPU = Release|Any CPU
	EndGlobalSection
	GlobalSection(ProjectConfigurationPlatforms) = postSolution
		{3CA68D7A-4274-4D56-B4F5-6C78D0447E65}.Debug|Any CPU.ActiveCfg = Debug|Any CPU
		{3CA68D7A-4274-4D56-B4F5-6C78D0447E65}.Debug|Any CPU.Build.0 = Debug|Any CPU
		{3CA68D7A-4274-4D56-B4F5-6C78D0447E65}.Release|Any CPU.ActiveCfg = Release|Any CPU
		{3CA68D7A-4274-4D56-B4F5-6C78D0447E65}.Release|Any CPU.Build.0 = Release|Any CPU
		{0494D04A-5663-409D-932B-8F9AB911AFB8}.Debug|Any CPU.ActiveCfg = Debug|Any CPU
		{0494D04A-5663-409D-932B-8F9AB911AFB8}.Debug|Any CPU.Build.0 = Debug|Any CPU
		{0494D04A-5663-409D-932B-8F9AB911AFB8}.Release|Any CPU.ActiveCfg = Release|Any CPU
		{0494D04A-5663-409D-932B-8F9AB911AFB8}.Release|Any CPU.Build.0 = Release|Any CPU
	EndGlobalSection
	GlobalSection(SolutionProperties) = preSolution
		HideSolutionNode = FALSE
	EndGlobalSection
EndGlobal
